
Microsoft Visual Studio Solution File, Format Version 12.00
# Visual Studio 15
VisualStudioVersion = 15.0.27130.2027
MinimumVisualStudioVersion = 10.0.40219.1
Project("{FAE04EC0-301F-11D3-BF4B-00C04F79EFBC}") = "TestProject", "TestProject\TestProject.csproj", "{7B480519-B2CE-41D3-9F81-37848862B27E}"
EndProject
Global
	GlobalSection(SolutionConfigurationPlatforms) = preSolution
		Debug|Any CPU = Debug|Any CPU
		Release|Any CPU = Release|Any CPU
	EndGlobalSection
	GlobalSection(ProjectConfigurationPlatforms) = postSolution
		{7B480519-B2CE-41D3-9F81-37848862B27E}.Debug|Any CPU.ActiveCfg = Debug|Any CPU
		{7B480519-B2CE-41D3-9F81-37848862B27E}.Debug|Any CPU.Build.0 = Debug|Any CPU
		{7B480519-B2CE-41D3-9F81-37848862B27E}.Release|Any CPU.ActiveCfg = Release|Any CPU
		{7B480519-B2CE-41D3-9F81-37848862B27E}.Release|Any CPU.Build.0 = Release|Any CPU
	EndGlobalSection
	GlobalSection(SolutionProperties) = preSolution
		HideSolutionNode = FALSE
	EndGlobalSection
	GlobalSection(ExtensibilityGlobals) = postSolution
		SolutionGuid = {CFEA2D07-86CF-481D-8E19-1F7680A2E8D1}
	EndGlobalSection
EndGlobal
